DEPENDENCIES
  chef_hostname
  chef_rvm
  firewall
  git
  imagemagick
  locale
  monit
  nginx
  nodejs
  openssh
  postgresql_lwrp
  redis
    git: git://github.com/phlipper/chef-redis.git
    revision: 7476279fc9c8727f082b8d77b5e1922dc2ef437b
  sudo
  swap_tuning
  users
  zsh

GRAPH
  apt (6.1.4)
  ark (3.1.0)
    build-essential (>= 0.0.0)
    seven_zip (>= 0.0.0)
    windows (>= 0.0.0)
  build-essential (8.0.4)
    mingw (>= 1.1)
    seven_zip (>= 0.0.0)
  chef-sugar (3.6.0)
  chef_gem (0.1.0)
  chef_hostname (0.6.1)
  chef_rvm (2.0.0)
    apt (>= 0.0.0)
    build-essential (>= 0.0.0)
    chef_gem (>= 0.0.0)
    curl (>= 0.0.0)
    homebrew (>= 0.0.0)
    java (>= 0.0.0)
    maven (>= 0.0.0)
    mono (>= 0.0.0)
    nodejs (>= 0.0.0)
    sudo (>= 0.0.0)
  compat_resource (12.19.0)
  cron (5.0.1)
  curl (2.0.3)
  firewall (2.6.2)
    chef-sugar (>= 0.0.0)
  git (8.0.0)
    build-essential (>= 0.0.0)
    homebrew (>= 0.0.0)
  homebrew (4.2.0)
  imagemagick (0.2.3)
  iptables (4.3.1)
  java (1.50.0)
    apt (>= 0.0.0)
    homebrew (>= 0.0.0)
    windows (>= 0.0.0)
  locale (2.0.1)
  maven (5.1.0)
    ark (>= 1.0)
  mingw (2.0.1)
    seven_zip (>= 0.0.0)
  monit (1.0.0)
    poise (~> 2.0)
    poise-monit (~> 1.0)
  mono (0.1.2)
    apt (>= 0.0.0)
    build-essential (>= 0.0.0)
    git (>= 0.0.0)
    yum (>= 0.0.0)
  multipackage (3.0.30)
    compat_resource (>= 0.0.0)
  nginx (7.0.2)
    build-essential (>= 0.0.0)
    compat_resource (>= 12.16.3)
    ohai (>= 4.1.0)
    yum-epel (>= 0.0.0)
    zypper (>= 0.0.0)
  nodejs (5.0.0)
    ark (>= 2.0.2)
    build-essential (>= 0.0.0)
  ohai (5.2.0)
  openssh (2.6.1)
    iptables (>= 1.0)
  poise (2.8.1)
  poise-archive (1.5.0)
    poise (~> 2.6)
  poise-languages (2.1.1)
    poise (~> 2.5)
    poise-archive (~> 1.0)
  poise-monit (1.6.0)
    poise (~> 2.6)
    poise-languages (~> 2.0)
    poise-service (~> 1.1)
  poise-service (1.5.2)
    poise (~> 2.0)
  postgresql_lwrp (1.2.1)
    apt (>= 0.0.0)
    cron (>= 0.0.0)
    python (>= 0.0.0)
  python (1.4.6)
    build-essential (>= 0.0.0)
    yum-epel (>= 0.0.0)
  redis (0.5.6)
    apt (>= 0.0.0)
  seven_zip (2.0.2)
    windows (>= 1.2.2)
  sudo (4.0.0)
  swap (0.3.8)
  swap_tuning (0.2.0)
    swap (~> 0.3)
  users (5.3.1)
  windows (3.4.1)
    ohai (>= 4.0.0)
  yum (5.1.0)
  yum-epel (2.1.2)
    compat_resource (>= 12.16.3)
  zsh (2.0.0)
    multipackage (~> 3.0)
  zypper (0.4.0)
